# Generated by pub
# See https://dart.dev/tools/pub/glossary#lockfile
packages:
  auth_header:
    dependency: transitive
    description:
      name: auth_header
      url: "https://pub.dartlang.org"
    source: hosted
    version: "3.0.1"
  collection:
    dependency: transitive
    description:
      name: collection
      url: "https://pub.dartlang.org"
    source: hosted
    version: "1.15.0"
  crypto:
    dependency: transitive
    description:
      name: crypto
      url: "https://pub.dartlang.org"
    source: hosted
    version: "3.0.1"
  get_server:
    dependency: "direct main"
    description:
      name: get_server
      url: "https://pub.dartlang.org"
    source: hosted
    version: "1.1.1"
  jaguar_jwt:
    dependency: transitive
    description:
      name: jaguar_jwt
      url: "https://pub.dartlang.org"
    source: hosted
    version: "3.0.0"
  lints:
    dependency: "direct dev"
    description:
      name: lints
      url: "https://pub.dartlang.org"
    source: hosted
    version: "1.0.1"
  meta:
    dependency: transitive
    description:
      name: meta
      url: "https://pub.dartlang.org"
    source: hosted
    version: "1.7.0"
  mime:
    dependency: transitive
    description:
      name: mime
      url: "https://pub.dartlang.org"
    source: hosted
    version: "1.0.1"
  path:
    dependency: "direct main"
    description:
      name: path
      url: "https://pub.dartlang.org"
    source: hosted
    version: "1.8.0"
  sembast:
    dependency: "direct main"
    description:
      name: sembast
      url: "https://pub.dartlang.org"
    source: hosted
    version: "3.1.1"
  synchronized:
    dependency: transitive
    description:
      name: synchronized
      url: "https://pub.dartlang.org"
    source: hosted
    version: "3.0.0"
  typed_data:
    dependency: transitive
    description:
      name: typed_data
      url: "https://pub.dartlang.org"
    source: hosted
    version: "1.3.0"
sdks:
  dart: ">=2.14.3 <3.0.0"
